// !$*UTF8*$!
{
	archiveVersion = 1;
	classes = {
	};
	objectVersion = 50;
	objects = {

/* Begin PBXBuildFile section */
		754B930224D0274A005FB225 /* BackgroundModelHelper.swift in Sources */ = {isa = PBXBuildFile; fileRef = 754B930124D0274A005FB225 /* BackgroundModelHelper.swift */; };
		754B930424D05E89005FB225 /* testaudio.mp3 in Resources */ = {isa = PBXBuildFile; fileRef = 754B930324D05E89005FB225 /* testaudio.mp3 */; };
		754B930624D069C0005FB225 /* ActionSheetHelper.swift in Sources */ = {isa = PBXBuildFile; fileRef = 754B930524D069C0005FB225 /* ActionSheetHelper.swift */; };
		757939B924CF0DF900917D2F /* AppDelegate.swift in Sources */ = {isa = PBXBuildFile; fileRef = 757939B824CF0DF900917D2F /* AppDelegate.swift */; };
		757939BB24CF0DF900917D2F /* SceneDelegate.swift in Sources */ = {isa = PBXBuildFile; fileRef = 757939BA24CF0DF900917D2F /* SceneDelegate.swift */; };
		757939BD24CF0DF900917D2F /* CPUPressureTestViewController.swift in Sources */ = {isa = PBXBuildFile; fileRef = 757939BC24CF0DF900917D2F /* CPUPressureTestViewController.swift */; };
		757939BF24CF0DF900917D2F /* MemoryPressureTestViewController.swift in Sources */ = {isa = PBXBuildFile; fileRef = 757939BE24CF0DF900917D2F /* MemoryPressureTestViewController.swift */; };
		757939C224CF0DF900917D2F /* Main.storyboard in Resources */ = {isa = PBXBuildFile; fileRef = 757939C024CF0DF900917D2F /* Main.storyboard */; };
		757939C424CF0DFB00917D2F /* Assets.xcassets in Resources */ = {isa = PBXBuildFile; fileRef = 757939C324CF0DFB00917D2F /* Assets.xcassets */; };
		757939C724CF0DFB00917D2F /* LaunchScreen.storyboard in Resources */ = {isa = PBXBuildFile; fileRef = 757939C524CF0DFB00917D2F /* LaunchScreen.storyboard */; };
		757939D024CF0EE500917D2F /* RecordsViewController.swift in Sources */ = {isa = PBXBuildFile; fileRef = 757939CE24CF0EE500917D2F /* RecordsViewController.swift */; };
		757939D124CF0EE500917D2F /* RecordsViewController.xib in Resources */ = {isa = PBXBuildFile; fileRef = 757939CF24CF0EE500917D2F /* RecordsViewController.xib */; };
		757939D324CF101600917D2F /* PressureRecordsDataStore.swift in Sources */ = {isa = PBXBuildFile; fileRef = 757939D224CF101600917D2F /* PressureRecordsDataStore.swift */; };
		757939D524CF226900917D2F /* SystemUsage.swift in Sources */ = {isa = PBXBuildFile; fileRef = 757939D424CF226900917D2F /* SystemUsage.swift */; };
		757939D724CF2B4400917D2F /* MemPressure.swift in Sources */ = {isa = PBXBuildFile; fileRef = 757939D624CF2B4300917D2F /* MemPressure.swift */; };
		757939D924CF2B7100917D2F /* CPUPressure.swift in Sources */ = {isa = PBXBuildFile; fileRef = 757939D824CF2B7100917D2F /* CPUPressure.swift */; };
/* End PBXBuildFile section */

/* Begin PBXFileReference section */
		754B930124D0274A005FB225 /* BackgroundModelHelper.swift */ = {isa = PBXFileReference; lastKnownFileType = sourcecode.swift; path = BackgroundModelHelper.swift; sourceTree = "<group>"; };
		754B930324D05E89005FB225 /* testaudio.mp3 */ = {isa = PBXFileReference; lastKnownFileType = audio.mp3; path = testaudio.mp3; sourceTree = "<group>"; };
		754B930524D069C0005FB225 /* ActionSheetHelper.swift */ = {isa = PBXFileReference; lastKnownFileType = sourcecode.swift; path = ActionSheetHelper.swift; sourceTree = "<group>"; };
		757939B524CF0DF900917D2F /* BackgroundAppPressureTest.app */ = {isa = PBXFileReference; explicitFileType = wrapper.application; includeInIndex = 0; path = BackgroundAppPressureTest.app; sourceTree = BUILT_PRODUCTS_DIR; };
		757939B824CF0DF900917D2F /* AppDelegate.swift */ = {isa = PBXFileReference; lastKnownFileType = sourcecode.swift; path = AppDelegate.swift; sourceTree = "<group>"; };
		757939BA24CF0DF900917D2F /* SceneDelegate.swift */ = {isa = PBXFileReference; lastKnownFileType = sourcecode.swift; path = SceneDelegate.swift; sourceTree = "<group>"; };
		757939BC24CF0DF900917D2F /* CPUPressureTestViewController.swift */ = {isa = PBXFileReference; lastKnownFileType = sourcecode.swift; path = CPUPressureTestViewController.swift; sourceTree = "<group>"; };
		757939BE24CF0DF900917D2F /* MemoryPressureTestViewController.swift */ = {isa = PBXFileReference; lastKnownFileType = sourcecode.swift; path = MemoryPressureTestViewController.swift; sourceTree = "<group>"; };
		757939C124CF0DF900917D2F /* Base */ = {isa = PBXFileReference; lastKnownFileType = file.storyboard; name = Base; path = Base.lproj/Main.storyboard; sourceTree = "<group>"; };
		757939C324CF0DFB00917D2F /* Assets.xcassets */ = {isa = PBXFileReference; lastKnownFileType = folder.assetcatalog; path = Assets.xcassets; sourceTree = "<group>"; };
		757939C624CF0DFB00917D2F /* Base */ = {isa = PBXFileReference; lastKnownFileType = file.storyboard; name = Base; path = Base.lproj/LaunchScreen.storyboard; sourceTree = "<group>"; };
		757939C824CF0DFB00917D2F /* Info.plist */ = {isa = PBXFileReference; lastKnownFileType = text.plist.xml; path = Info.plist; sourceTree = "<group>"; };
		757939CE24CF0EE500917D2F /* RecordsViewController.swift */ = {isa = PBXFileReference; lastKnownFileType = sourcecode.swift; path = RecordsViewController.swift; sourceTree = "<group>"; };
		757939CF24CF0EE500917D2F /* RecordsViewController.xib */ = {isa = PBXFileReference; lastKnownFileType = file.xib; path = RecordsViewController.xib; sourceTree = "<group>"; };
		757939D224CF101600917D2F /* PressureRecordsDataStore.swift */ = {isa = PBXFileReference; lastKnownFileType = sourcecode.swift; path = PressureRecordsDataStore.swift; sourceTree = "<group>"; };
		757939D424CF226900917D2F /* SystemUsage.swift */ = {isa = PBXFileReference; lastKnownFileType = sourcecode.swift; path = SystemUsage.swift; sourceTree = "<group>"; };
		757939D624CF2B4300917D2F /* MemPressure.swift */ = {isa = PBXFileReference; lastKnownFileType = sourcecode.swift; path = MemPressure.swift; sourceTree = "<group>"; };
		757939D824CF2B7100917D2F /* CPUPressure.swift */ = {isa = PBXFileReference; lastKnownFileType = sourcecode.swift; path = CPUPressure.swift; sourceTree = "<group>"; };
/* End PBXFileReference section */

/* Begin PBXFrameworksBuildPhase section */
		757939B224CF0DF900917D2F /* Frameworks */ = {
			isa = PBXFrameworksBuildPhase;
			buildActionMask = 2147483647;
			files = (
			);
			runOnlyForDeploymentPostprocessing = 0;
		};
/* End PBXFrameworksBuildPhase section */

/* Begin PBXGroup section */
		757939AC24CF0DF900917D2F = {
			isa = PBXGroup;
			children = (
				757939B724CF0DF900917D2F /* BackgroundAppPressureTest */,
				757939B624CF0DF900917D2F /* Products */,
			);
			sourceTree = "<group>";
		};
		757939B624CF0DF900917D2F /* Products */ = {
			isa = PBXGroup;
			children = (
				757939B524CF0DF900917D2F /* BackgroundAppPressureTest.app */,
			);
			name = Products;
			sourceTree = "<group>";
		};
		757939B724CF0DF900917D2F /* BackgroundAppPressureTest */ = {
			isa = PBXGroup;
			children = (
				754B930324D05E89005FB225 /* testaudio.mp3 */,
				757939B824CF0DF900917D2F /* AppDelegate.swift */,
				757939BA24CF0DF900917D2F /* SceneDelegate.swift */,
				757939BC24CF0DF900917D2F /* CPUPressureTestViewController.swift */,
				757939BE24CF0DF900917D2F /* MemoryPressureTestViewController.swift */,
				757939CE24CF0EE500917D2F /* RecordsViewController.swift */,
				757939CF24CF0EE500917D2F /* RecordsViewController.xib */,
				757939D224CF101600917D2F /* PressureRecordsDataStore.swift */,
				757939D424CF226900917D2F /* SystemUsage.swift */,
				757939D624CF2B4300917D2F /* MemPressure.swift */,
				757939D824CF2B7100917D2F /* CPUPressure.swift */,
				754B930524D069C0005FB225 /* ActionSheetHelper.swift */,
				754B930124D0274A005FB225 /* BackgroundModelHelper.swift */,
				757939C024CF0DF900917D2F /* Main.storyboard */,
				757939C324CF0DFB00917D2F /* Assets.xcassets */,
				757939C524CF0DFB00917D2F /* LaunchScreen.storyboard */,
				757939C824CF0DFB00917D2F /* Info.plist */,
			);
			path = BackgroundAppPressureTest;
			sourceTree = "<group>";
		};
/* End PBXGroup section */

/* Begin PBXNativeTarget section */
		757939B424CF0DF900917D2F /* BackgroundAppPressureTest */ = {
			isa = PBXNativeTarget;
			buildConfigurationList = 757939CB24CF0DFB00917D2F /* Build configuration list for PBXNativeTarget "BackgroundAppPressureTest" */;
			buildPhases = (
				757939B124CF0DF900917D2F /* Sources */,
				757939B224CF0DF900917D2F /* Frameworks */,
				757939B324CF0DF900917D2F /* Resources */,
			);
			buildRules = (
			);
			dependencies = (
			);
			name = BackgroundAppPressureTest;
			productName = BackgroundAppPressureTest;
			productReference = 757939B524CF0DF900917D2F /* BackgroundAppPressureTest.app */;
			productType = "com.apple.product-type.application";
		};
/* End PBXNativeTarget section */

/* Begin PBXProject section */
		757939AD24CF0DF900917D2F /* Project object */ = {
			isa = PBXProject;
			attributes = {
				LastSwiftUpdateCheck = 1150;
				LastUpgradeCheck = 1150;
				ORGANIZATIONNAME = Jianjun;
				TargetAttributes = {
					757939B424CF0DF900917D2F = {
						CreatedOnToolsVersion = 11.5;
					};
				};
			};
			buildConfigurationList = 757939B024CF0DF900917D2F /* Build configuration list for PBXProject "BackgroundAppPressureTest" */;
			compatibilityVersion = "Xcode 9.3";
			developmentRegion = en;
			hasScannedForEncodings = 0;
			knownRegions = (
				en,
				Base,
			);
			mainGroup = 757939AC24CF0DF900917D2F;
			productRefGroup = 757939B624CF0DF900917D2F /* Products */;
			projectDirPath = "";
			projectRoot = "";
			targets = (
				757939B424CF0DF900917D2F /* BackgroundAppPressureTest */,
			);
		};
/* End PBXProject section */

/* Begin PBXResourcesBuildPhase section */
		757939B324CF0DF900917D2F /* Resources */ = {
			isa = PBXResourcesBuildPhase;
			buildActionMask = 2147483647;
			files = (
				754B930424D05E89005FB225 /* testaudio.mp3 in Resources */,
				757939C724CF0DFB00917D2F /* LaunchScreen.storyboard in Resources */,
				757939C424CF0DFB00917D2F /* Assets.xcassets in Resources */,
				757939C224CF0DF900917D2F /* Main.storyboard in Resources */,
				757939D124CF0EE500917D2F /* RecordsViewController.xib in Resources */,
			);
			runOnlyForDeploymentPostprocessing = 0;
		};
/* End PBXResourcesBuildPhase section */

/* Begin PBXSourcesBuildPhase section */
		757939B124CF0DF900917D2F /* Sources */ = {
			isa = PBXSourcesBuildPhase;
			buildActionMask = 2147483647;
			files = (
				754B930624D069C0005FB225 /* ActionSheetHelper.swift in Sources */,
				757939BF24CF0DF900917D2F /* MemoryPressureTestViewController.swift in Sources */,
				757939D324CF101600917D2F /* PressureRecordsDataStore.swift in Sources */,
				757939D724CF2B4400917D2F /* MemPressure.swift in Sources */,
				754B930224D0274A005FB225 /* BackgroundModelHelper.swift in Sources */,
				757939BD24CF0DF900917D2F /* CPUPressureTestViewController.swift in Sources */,
				757939B924CF0DF900917D2F /* AppDelegate.swift in Sources */,
				757939BB24CF0DF900917D2F /* SceneDelegate.swift in Sources */,
				757939D924CF2B7100917D2F /* CPUPressure.swift in Sources */,
				757939D524CF226900917D2F /* SystemUsage.swift in Sources */,
				757939D024CF0EE500917D2F /* RecordsViewController.swift in Sources */,
			);
			runOnlyForDeploymentPostprocessing = 0;
		};
/* End PBXSourcesBuildPhase section */

/* Begin PBXVariantGroup section */
		757939C024CF0DF900917D2F /* Main.storyboard */ = {
			isa = PBXVariantGroup;
			children = (
				757939C124CF0DF900917D2F /* Base */,
			);
			name = Main.storyboard;
			sourceTree = "<group>";
		};
		757939C524CF0DFB00917D2F /* LaunchScreen.storyboard */ = {
			isa = PBXVariantGroup;
			children = (
				757939C624CF0DFB00917D2F /* Base */,
			);
			name = LaunchScreen.storyboard;
			sourceTree = "<group>";
		};
/* End PBXVariantGroup section */

/* Begin XCBuildConfiguration section */
		757939C924CF0DFB00917D2F /* Debug */ = {
			isa = XCBuildConfiguration;
			buildSettings = {
				ALWAYS_SEARCH_USER_PATHS = NO;
				CLANG_ANALYZER_NONNULL = YES;
				CLANG_ANALYZER_NUMBER_OBJECT_CONVERSION = YES_AGGRESSIVE;
				CLANG_CXX_LANGUAGE_STANDARD = "gnu++14";
				CLANG_CXX_LIBRARY = "libc++";
				CLANG_ENABLE_MODULES = YES;
				CLANG_ENABLE_OBJC_ARC = YES;
				CLANG_ENABLE_OBJC_WEAK = YES;
				CLANG_WARN_BLOCK_CAPTURE_AUTORELEASING = YES;
				CLANG_WARN_BOOL_CONVERSION = YES;
				CLANG_WARN_COMMA = YES;
				CLANG_WARN_CONSTANT_CONVERSION = YES;
				CLANG_WARN_DEPRECATED_OBJC_IMPLEMENTATIONS = YES;
				CLANG_WARN_DIRECT_OBJC_ISA_USAGE = YES_ERROR;
				CLANG_WARN_DOCUMENTATION_COMMENTS = YES;
				CLANG_WARN_EMPTY_BODY = YES;
				CLANG_WARN_ENUM_CONVERSION = YES;
				CLANG_WARN_INFINITE_RECURSION = YES;
				CLANG_WARN_INT_CONVERSION = YES;
				CLANG_WARN_NON_LITERAL_NULL_CONVERSION = YES;
				CLANG_WARN_OBJC_IMPLICIT_RETAIN_SELF = YES;
				CLANG_WARN_OBJC_LITERAL_CONVERSION = YES;
				CLANG_WARN_OBJC_ROOT_CLASS = YES_ERROR;
				CLANG_WARN_RANGE_LOOP_ANALYSIS = YES;
				CLANG_WARN_STRICT_PROTOTYPES = YES;
				CLANG_WARN_SUSPICIOUS_MOVE = YES;
				CLANG_WARN_UNGUARDED_AVAILABILITY = YES_AGGRESSIVE;
				CLANG_WARN_UNREACHABLE_CODE = YES;
				CLANG_WARN__DUPLICATE_METHOD_MATCH = YES;
				COPY_PHASE_STRIP = NO;
				DEBUG_INFORMATION_FORMAT = dwarf;
				ENABLE_STRICT_OBJC_MSGSEND = YES;
				ENABLE_TESTABILITY = YES;
				GCC_C_LANGUAGE_STANDARD = gnu11;
				GCC_DYNAMIC_NO_PIC = NO;
				GCC_NO_COMMON_BLOCKS = YES;
				GCC_OPTIMIZATION_LEVEL = 0;
				GCC_PREPROCESSOR_DEFINITIONS = (
					"DEBUG=1",
					"$(inherited)",
				);
				GCC_WARN_64_TO_32_BIT_CONVERSION = YES;
				GCC_WARN_ABOUT_RETURN_TYPE = YES_ERROR;
				GCC_WARN_UNDECLARED_SELECTOR = YES;
				GCC_WARN_UNINITIALIZED_AUTOS = YES_AGGRESSIVE;
				GCC_WARN_UNUSED_FUNCTION = YES;
				GCC_WARN_UNUSED_VARIABLE = YES;
				IPHONEOS_DEPLOYMENT_TARGET = 13.5;
				MTL_ENABLE_DEBUG_INFO = INCLUDE_SOURCE;
				MTL_FAST_MATH = YES;
				ONLY_ACTIVE_ARCH = YES;
				SDKROOT = iphoneos;
				SWIFT_ACTIVE_COMPILATION_CONDITIONS = DEBUG;
				SWIFT_OPTIMIZATION_LEVEL = "-Onone";
			};
			name = Debug;
		};
		757939CA24CF0DFB00917D2F /* Release */ = {
			isa = XCBuildConfiguration;
			buildSettings = {
				ALWAYS_SEARCH_USER_PATHS = NO;
				CLANG_ANALYZER_NONNULL = YES;
				CLANG_ANALYZER_NUMBER_OBJECT_CONVERSION = YES_AGGRESSIVE;
				CLANG_CXX_LANGUAGE_STANDARD = "gnu++14";
				CLANG_CXX_LIBRARY = "libc++";
				CLANG_ENABLE_MODULES = YES;
				CLANG_ENABLE_OBJC_ARC = YES;
				CLANG_ENABLE_OBJC_WEAK = YES;
				CLANG_WARN_BLOCK_CAPTURE_AUTORELEASING = YES;
				CLANG_WARN_BOOL_CONVERSION = YES;
				CLANG_WARN_COMMA = YES;
				CLANG_WARN_CONSTANT_CONVERSION = YES;
				CLANG_WARN_DEPRECATED_OBJC_IMPLEMENTATIONS = YES;
				CLANG_WARN_DIRECT_OBJC_ISA_USAGE = YES_ERROR;
				CLANG_WARN_DOCUMENTATION_COMMENTS = YES;
				CLANG_WARN_EMPTY_BODY = YES;
				CLANG_WARN_ENUM_CONVERSION = YES;
				CLANG_WARN_INFINITE_RECURSION = YES;
				CLANG_WARN_INT_CONVERSION = YES;
				CLANG_WARN_NON_LITERAL_NULL_CONVERSION = YES;
				CLANG_WARN_OBJC_IMPLICIT_RETAIN_SELF = YES;
				CLANG_WARN_OBJC_LITERAL_CONVERSION = YES;
				CLANG_WARN_OBJC_ROOT_CLASS = YES_ERROR;
				CLANG_WARN_RANGE_LOOP_ANALYSIS = YES;
				CLANG_WARN_STRICT_PROTOTYPES = YES;
				CLANG_WARN_SUSPICIOUS_MOVE = YES;
				CLANG_WARN_UNGUARDED_AVAILABILITY = YES_AGGRESSIVE;
				CLANG_WARN_UNREACHABLE_CODE = YES;
				CLANG_WARN__DUPLICATE_METHOD_MATCH = YES;
				COPY_PHASE_STRIP = NO;
				DEBUG_INFORMATION_FORMAT = "dwarf-with-dsym";
				ENABLE_NS_ASSERTIONS = NO;
				ENABLE_STRICT_OBJC_MSGSEND = YES;
				GCC_C_LANGUAGE_STANDARD = gnu11;
				GCC_NO_COMMON_BLOCKS = YES;
				GCC_WARN_64_TO_32_BIT_CONVERSION = YES;
				GCC_WARN_ABOUT_RETURN_TYPE = YES_ERROR;
				GCC_WARN_UNDECLARED_SELECTOR = YES;
				GCC_WARN_UNINITIALIZED_AUTOS = YES_AGGRESSIVE;
				GCC_WARN_UNUSED_FUNCTION = YES;
				GCC_WARN_UNUSED_VARIABLE = YES;
				IPHONEOS_DEPLOYMENT_TARGET = 13.5;
				MTL_ENABLE_DEBUG_INFO = NO;
				MTL_FAST_MATH = YES;
				SDKROOT = iphoneos;
				SWIFT_COMPILATION_MODE = wholemodule;
				SWIFT_OPTIMIZATION_LEVEL = "-O";
				VALIDATE_PRODUCT = YES;
			};
			name = Release;
		};
		757939CC24CF0DFB00917D2F /* Debug */ = {
			isa = XCBuildConfiguration;
			buildSettings = {
				ASSETCATALOG_COMPILER_APPICON_NAME = AppIcon;
				CODE_SIGN_STYLE = Automatic;
				DEVELOPMENT_TEAM = E3BF9U2EB5;
				INFOPLIST_FILE = BackgroundAppPressureTest/Info.plist;
				LD_RUNPATH_SEARCH_PATHS = (
					"$(inherited)",
					"@executable_path/Frameworks",
				);
				PRODUCT_BUNDLE_IDENTIFIER = cn.wujianjun.BackgroundAppPressureTest;
				PRODUCT_NAME = "$(TARGET_NAME)";
				SWIFT_VERSION = 5.0;
				TARGETED_DEVICE_FAMILY = "1,2";
			};
			name = Debug;
		};
		757939CD24CF0DFB00917D2F /* Release */ = {
			isa = XCBuildConfiguration;
			buildSettings = {
				ASSETCATALOG_COMPILER_APPICON_NAME = AppIcon;
				CODE_SIGN_STYLE = Automatic;
				DEVELOPMENT_TEAM = E3BF9U2EB5;
				INFOPLIST_FILE = BackgroundAppPressureTest/Info.plist;
				LD_RUNPATH_SEARCH_PATHS = (
					"$(inherited)",
					"@executable_path/Frameworks",
				);
				PRODUCT_BUNDLE_IDENTIFIER = cn.wujianjun.BackgroundAppPressureTest;
				PRODUCT_NAME = "$(TARGET_NAME)";
				SWIFT_VERSION = 5.0;
				TARGETED_DEVICE_FAMILY = "1,2";
			};
			name = Release;
		};
/* End XCBuildConfiguration section */

/* Begin XCConfigurationList section */
		757939B024CF0DF900917D2F /* Build configuration list for PBXProject "BackgroundAppPressureTest" */ = {
			isa = XCConfigurationList;
			buildConfigurations = (
				757939C924CF0DFB00917D2F /* Debug */,
				757939CA24CF0DFB00917D2F /* Release */,
			);
			defaultConfigurationIsVisible = 0;
			defaultConfigurationName = Release;
		};
		757939CB24CF0DFB00917D2F /* Build configuration list for PBXNativeTarget "BackgroundAppPressureTest" */ = {
			isa = XCConfigurationList;
			buildConfigurations = (
				757939CC24CF0DFB00917D2F /* Debug */,
				757939CD24CF0DFB00917D2F /* Release */,
			);
			defaultConfigurationIsVisible = 0;
			defaultConfigurationName = Release;
		};
/* End XCConfigurationList section */
	};
	rootObject = 757939AD24CF0DF900917D2F /* Project object */;
}
